// !$*UTF8*$!
{
	archiveVersion = 1;
	classes = {
	};
	objectVersion = 45;
	objects = {

/* Begin PBXBuildFile section */
		0710E64412E8D31000FF582E /* UIViewAdditions.m in Sources */ = {isa = PBXBuildFile; fileRef = 0710E64212E8D31000FF582E /* UIViewAdditions.m */; };
		0710E71D12E8DBE700FF582E /* coolvetica.ttf in Resources */ = {isa = PBXBuildFile; fileRef = 0710E71C12E8DBE700FF582E /* coolvetica.ttf */; };
		0710E73012E8DDB100FF582E /* SAWordStore.m in Sources */ = {isa = PBXBuildFile; fileRef = 0710E72F12E8DDB100FF582E /* SAWordStore.m */; };
		0710E76212E8E29900FF582E /* FirstWords.plist in Resources */ = {isa = PBXBuildFile; fileRef = 0710E76112E8E29900FF582E /* FirstWords.plist */; };
		0710E78E12E8E49600FF582E /* SecondWords.plist in Resources */ = {isa = PBXBuildFile; fileRef = 0710E78D12E8E49600FF582E /* SecondWords.plist */; };
		076C2E1112EA3F3B00E2ED87 /* Icon.png in Resources */ = {isa = PBXBuildFile; fileRef = 076C2E0F12EA3F3B00E2ED87 /* Icon.png */; };
		076C2E1212EA3F3B00E2ED87 /* Icon@2x.png in Resources */ = {isa = PBXBuildFile; fileRef = 076C2E1012EA3F3B00E2ED87 /* Icon@2x.png */; };
		07D8168712DF6F7600839BBB /* SAWordsViewController.m in Sources */ = {isa = PBXBuildFile; fileRef = 07D8168612DF6F7600839BBB /* SAWordsViewController.m */; };
		07D8168D12DF6FAB00839BBB /* SAWordsView.m in Sources */ = {isa = PBXBuildFile; fileRef = 07D8168C12DF6FAB00839BBB /* SAWordsView.m */; };
		07D8169112DF6FBE00839BBB /* SAWordView.m in Sources */ = {isa = PBXBuildFile; fileRef = 07D8169012DF6FBE00839BBB /* SAWordView.m */; };
		07D8178B12DF7C5E00839BBB /* QuartzCore.framework in Frameworks */ = {isa = PBXBuildFile; fileRef = 07D8178A12DF7C5E00839BBB /* QuartzCore.framework */; };
		1D3623260D0F684500981E51 /* SAAppDelegate.m in Sources */ = {isa = PBXBuildFile; fileRef = 1D3623250D0F684500981E51 /* SAAppDelegate.m */; };
		1D60589B0D05DD56006BFB54 /* main.m in Sources */ = {isa = PBXBuildFile; fileRef = 29B97316FDCFA39411CA2CEA /* main.m */; };
		1D60589F0D05DD5A006BFB54 /* Foundation.framework in Frameworks */ = {isa = PBXBuildFile; fileRef = 1D30AB110D05D00D00671497 /* Foundation.framework */; };
		1DF5F4E00D08C38300B7A737 /* UIKit.framework in Frameworks */ = {isa = PBXBuildFile; fileRef = 1DF5F4DF0D08C38300B7A737 /* UIKit.framework */; };
		288765FD0DF74451002DB57D /* CoreGraphics.framework in Frameworks */ = {isa = PBXBuildFile; fileRef = 288765FC0DF74451002DB57D /* CoreGraphics.framework */; };
/* End PBXBuildFile section */

/* Begin PBXFileReference section */
		0710E64212E8D31000FF582E /* UIViewAdditions.m */ = {isa = PBXFileReference; fileEncoding = 4; lastKnownFileType = sourcecode.c.objc; path = UIViewAdditions.m; sourceTree = "<group>"; };
		0710E64312E8D31000FF582E /* UIViewAdditions.h */ = {isa = PBXFileReference; fileEncoding = 4; lastKnownFileType = sourcecode.c.h; path = UIViewAdditions.h; sourceTree = "<group>"; };
		0710E71C12E8DBE700FF582E /* coolvetica.ttf */ = {isa = PBXFileReference; lastKnownFileType = file; path = coolvetica.ttf; sourceTree = "<group>"; };
		0710E72E12E8DDB100FF582E /* SAWordStore.h */ = {isa = PBXFileReference; fileEncoding = 4; lastKnownFileType = sourcecode.c.h; path = SAWordStore.h; sourceTree = "<group>"; };
		0710E72F12E8DDB100FF582E /* SAWordStore.m */ = {isa = PBXFileReference; fileEncoding = 4; lastKnownFileType = sourcecode.c.objc; path = SAWordStore.m; sourceTree = "<group>"; };
		0710E76112E8E29900FF582E /* FirstWords.plist */ = {isa = PBXFileReference; fileEncoding = 4; lastKnownFileType = text.plist.xml; path = FirstWords.plist; sourceTree = "<group>"; };
		0710E78D12E8E49600FF582E /* SecondWords.plist */ = {isa = PBXFileReference; fileEncoding = 4; lastKnownFileType = text.plist.xml; path = SecondWords.plist; sourceTree = "<group>"; };
		076C2E0F12EA3F3B00E2ED87 /* Icon.png */ = {isa = PBXFileReference; lastKnownFileType = image.png; path = Icon.png; sourceTree = "<group>"; };
		076C2E1012EA3F3B00E2ED87 /* Icon@2x.png */ = {isa = PBXFileReference; lastKnownFileType = image.png; path = "Icon@2x.png"; sourceTree = "<group>"; };
		076C2E4812EA477D00E2ED87 /* Entitlements.plist */ = {isa = PBXFileReference; fileEncoding = 4; lastKnownFileType = text.plist.xml; path = Entitlements.plist; sourceTree = "<group>"; };
		07D8168512DF6F7600839BBB /* SAWordsViewController.h */ = {isa = PBXFileReference; fileEncoding = 4; lastKnownFileType = sourcecode.c.h; path = SAWordsViewController.h; sourceTree = "<group>"; };
		07D8168612DF6F7600839BBB /* SAWordsViewController.m */ = {isa = PBXFileReference; fileEncoding = 4; lastKnownFileType = sourcecode.c.objc; path = SAWordsViewController.m; sourceTree = "<group>"; };
		07D8168B12DF6FAB00839BBB /* SAWordsView.h */ = {isa = PBXFileReference; fileEncoding = 4; lastKnownFileType = sourcecode.c.h; path = SAWordsView.h; sourceTree = "<group>"; };
		07D8168C12DF6FAB00839BBB /* SAWordsView.m */ = {isa = PBXFileReference; fileEncoding = 4; lastKnownFileType = sourcecode.c.objc; path = SAWordsView.m; sourceTree = "<group>"; };
		07D8168F12DF6FBE00839BBB /* SAWordView.h */ = {isa = PBXFileReference; fileEncoding = 4; lastKnownFileType = sourcecode.c.h; path = SAWordView.h; sourceTree = "<group>"; };
		07D8169012DF6FBE00839BBB /* SAWordView.m */ = {isa = PBXFileReference; fileEncoding = 4; lastKnownFileType = sourcecode.c.objc; path = SAWordView.m; sourceTree = "<group>"; };
		07D8178A12DF7C5E00839BBB /* QuartzCore.framework */ = {isa = PBXFileReference; lastKnownFileType = wrapper.framework; name = QuartzCore.framework; path = System/Library/Frameworks/QuartzCore.framework; sourceTree = SDKROOT; };
		1D30AB110D05D00D00671497 /* Foundation.framework */ = {isa = PBXFileReference; lastKnownFileType = wrapper.framework; name = Foundation.framework; path = System/Library/Frameworks/Foundation.framework; sourceTree = SDKROOT; };
		1D3623240D0F684500981E51 /* SAAppDelegate.h */ = {isa = PBXFileReference; fileEncoding = 4; lastKnownFileType = sourcecode.c.h; path = SAAppDelegate.h; sourceTree = "<group>"; };
		1D3623250D0F684500981E51 /* SAAppDelegate.m */ = {isa = PBXFileReference; fileEncoding = 4; lastKnownFileType = sourcecode.c.objc; path = SAAppDelegate.m; sourceTree = "<group>"; };
		1D6058910D05DD3D006BFB54 /* Sailor.app */ = {isa = PBXFileReference; explicitFileType = wrapper.application; includeInIndex = 0; path = Sailor.app; sourceTree = BUILT_PRODUCTS_DIR; };
		1DF5F4DF0D08C38300B7A737 /* UIKit.framework */ = {isa = PBXFileReference; lastKnownFileType = wrapper.framework; name = UIKit.framework; path = System/Library/Frameworks/UIKit.framework; sourceTree = SDKROOT; };
		288765FC0DF74451002DB57D /* CoreGraphics.framework */ = {isa = PBXFileReference; lastKnownFileType = wrapper.framework; name = CoreGraphics.framework; path = System/Library/Frameworks/CoreGraphics.framework; sourceTree = SDKROOT; };
		29B97316FDCFA39411CA2CEA /* main.m */ = {isa = PBXFileReference; fileEncoding = 4; lastKnownFileType = sourcecode.c.objc; path = main.m; sourceTree = "<group>"; };
		32CA4F630368D1EE00C91783 /* AppPrefix.pch */ = {isa = PBXFileReference; fileEncoding = 4; lastKnownFileType = sourcecode.c.h; path = AppPrefix.pch; sourceTree = "<group>"; };
		8D1107310486CEB800E47090 /* AppInfo.plist */ = {isa = PBXFileReference; fileEncoding = 4; lastKnownFileType = text.plist.xml; path = AppInfo.plist; plistStructureDefinitionIdentifier = "com.apple.xcode.plist.structure-definition.iphone.info-plist"; sourceTree = "<group>"; };
/* End PBXFileReference section */

/* Begin PBXFrameworksBuildPhase section */
		1D60588F0D05DD3D006BFB54 /* Frameworks */ = {
			isa = PBXFrameworksBuildPhase;
			buildActionMask = 2147483647;
			files = (
				1D60589F0D05DD5A006BFB54 /* Foundation.framework in Frameworks */,
				1DF5F4E00D08C38300B7A737 /* UIKit.framework in Frameworks */,
				288765FD0DF74451002DB57D /* CoreGraphics.framework in Frameworks */,
				07D8178B12DF7C5E00839BBB /* QuartzCore.framework in Frameworks */,
			);
			runOnlyForDeploymentPostprocessing = 0;
		};
/* End PBXFrameworksBuildPhase section */

/* Begin PBXGroup section */
		07D8168012DF6F0700839BBB /* Controllers */ = {
			isa = PBXGroup;
			children = (
				07D8168512DF6F7600839BBB /* SAWordsViewController.h */,
				07D8168612DF6F7600839BBB /* SAWordsViewController.m */,
			);
			path = Controllers;
			sourceTree = "<group>";
		};
		07D8168112DF6F0700839BBB /* Models */ = {
			isa = PBXGroup;
			children = (
				0710E72E12E8DDB100FF582E /* SAWordStore.h */,
				0710E72F12E8DDB100FF582E /* SAWordStore.m */,
			);
			path = Models;
			sourceTree = "<group>";
		};
		07D8168212DF6F0700839BBB /* Shared */ = {
			isa = PBXGroup;
			children = (
				0710E64212E8D31000FF582E /* UIViewAdditions.m */,
				0710E64312E8D31000FF582E /* UIViewAdditions.h */,
			);
			path = Shared;
			sourceTree = "<group>";
		};
		07D8168312DF6F0700839BBB /* Views */ = {
			isa = PBXGroup;
			children = (
				07D8168B12DF6FAB00839BBB /* SAWordsView.h */,
				07D8168C12DF6FAB00839BBB /* SAWordsView.m */,
				07D8168F12DF6FBE00839BBB /* SAWordView.h */,
				07D8169012DF6FBE00839BBB /* SAWordView.m */,
			);
			path = Views;
			sourceTree = "<group>";
		};
		07D8168412DF6F1600839BBB /* Lib */ = {
			isa = PBXGroup;
			children = (
			);
			path = Lib;
			sourceTree = "<group>";
		};
		080E96DDFE201D6D7F000001 /* Classes */ = {
			isa = PBXGroup;
			children = (
				07D8168112DF6F0700839BBB /* Models */,
				07D8168012DF6F0700839BBB /* Controllers */,
				07D8168212DF6F0700839BBB /* Shared */,
				07D8168312DF6F0700839BBB /* Views */,
				1D3623240D0F684500981E51 /* SAAppDelegate.h */,
				1D3623250D0F684500981E51 /* SAAppDelegate.m */,
			);
			path = Classes;
			sourceTree = "<group>";
		};
		19C28FACFE9D520D11CA2CBB /* Products */ = {
			isa = PBXGroup;
			children = (
				1D6058910D05DD3D006BFB54 /* Sailor.app */,
			);
			name = Products;
			sourceTree = "<group>";
		};
		29B97314FDCFA39411CA2CEA /* CustomTemplate */ = {
			isa = PBXGroup;
			children = (
				07D8168412DF6F1600839BBB /* Lib */,
				080E96DDFE201D6D7F000001 /* Classes */,
				29B97315FDCFA39411CA2CEA /* Other Sources */,
				29B97317FDCFA39411CA2CEA /* Resources */,
				29B97323FDCFA39411CA2CEA /* Frameworks */,
				19C28FACFE9D520D11CA2CBB /* Products */,
			);
			name = CustomTemplate;
			sourceTree = "<group>";
		};
		29B97315FDCFA39411CA2CEA /* Other Sources */ = {
			isa = PBXGroup;
			children = (
				32CA4F630368D1EE00C91783 /* AppPrefix.pch */,
				29B97316FDCFA39411CA2CEA /* main.m */,
			);
			name = "Other Sources";
			sourceTree = "<group>";
		};
		29B97317FDCFA39411CA2CEA /* Resources */ = {
			isa = PBXGroup;
			children = (
				076C2E4812EA477D00E2ED87 /* Entitlements.plist */,
				076C2E0F12EA3F3B00E2ED87 /* Icon.png */,
				076C2E1012EA3F3B00E2ED87 /* Icon@2x.png */,
				0710E78D12E8E49600FF582E /* SecondWords.plist */,
				0710E71C12E8DBE700FF582E /* coolvetica.ttf */,
				8D1107310486CEB800E47090 /* AppInfo.plist */,
				0710E76112E8E29900FF582E /* FirstWords.plist */,
			);
			name = Resources;
			sourceTree = "<group>";
		};
		29B97323FDCFA39411CA2CEA /* Frameworks */ = {
			isa = PBXGroup;
			children = (
				07D8178A12DF7C5E00839BBB /* QuartzCore.framework */,
				1DF5F4DF0D08C38300B7A737 /* UIKit.framework */,
				1D30AB110D05D00D00671497 /* Foundation.framework */,
				288765FC0DF74451002DB57D /* CoreGraphics.framework */,
			);
			name = Frameworks;
			sourceTree = "<group>";
		};
/* End PBXGroup section */

/* Begin PBXNativeTarget section */
		1D6058900D05DD3D006BFB54 /* Sailor */ = {
			isa = PBXNativeTarget;
			buildConfigurationList = 1D6058960D05DD3E006BFB54 /* Build configuration list for PBXNativeTarget "Sailor" */;
			buildPhases = (
				1D60588D0D05DD3D006BFB54 /* Resources */,
				1D60588E0D05DD3D006BFB54 /* Sources */,
				1D60588F0D05DD3D006BFB54 /* Frameworks */,
			);
			buildRules = (
			);
			dependencies = (
			);
			name = Sailor;
			productName = "Creative Curses";
			productReference = 1D6058910D05DD3D006BFB54 /* Sailor.app */;
			productType = "com.apple.product-type.application";
		};
/* End PBXNativeTarget section */

/* Begin PBXProject section */
		29B97313FDCFA39411CA2CEA /* Project object */ = {
			isa = PBXProject;
			buildConfigurationList = C01FCF4E08A954540054247B /* Build configuration list for PBXProject "Sailor" */;
			compatibilityVersion = "Xcode 3.1";
			developmentRegion = English;
			hasScannedForEncodings = 1;
			knownRegions = (
				English,
				Japanese,
				French,
				German,
			);
			mainGroup = 29B97314FDCFA39411CA2CEA /* CustomTemplate */;
			projectDirPath = "";
			projectRoot = "";
			targets = (
				1D6058900D05DD3D006BFB54 /* Sailor */,
			);
		};
/* End PBXProject section */

/* Begin PBXResourcesBuildPhase section */
		1D60588D0D05DD3D006BFB54 /* Resources */ = {
			isa = PBXResourcesBuildPhase;
			buildActionMask = 2147483647;
			files = (
				0710E71D12E8DBE700FF582E /* coolvetica.ttf in Resources */,
				0710E76212E8E29900FF582E /* FirstWords.plist in Resources */,
				0710E78E12E8E49600FF582E /* SecondWords.plist in Resources */,
				076C2E1112EA3F3B00E2ED87 /* Icon.png in Resources */,
				076C2E1212EA3F3B00E2ED87 /* Icon@2x.png in Resources */,
			);
			runOnlyForDeploymentPostprocessing = 0;
		};
/* End PBXResourcesBuildPhase section */

/* Begin PBXSourcesBuildPhase section */
		1D60588E0D05DD3D006BFB54 /* Sources */ = {
			isa = PBXSourcesBuildPhase;
			buildActionMask = 2147483647;
			files = (
				1D60589B0D05DD56006BFB54 /* main.m in Sources */,
				1D3623260D0F684500981E51 /* SAAppDelegate.m in Sources */,
				07D8168712DF6F7600839BBB /* SAWordsViewController.m in Sources */,
				07D8168D12DF6FAB00839BBB /* SAWordsView.m in Sources */,
				07D8169112DF6FBE00839BBB /* SAWordView.m in Sources */,
				0710E64412E8D31000FF582E /* UIViewAdditions.m in Sources */,
				0710E73012E8DDB100FF582E /* SAWordStore.m in Sources */,
			);
			runOnlyForDeploymentPostprocessing = 0;
		};
/* End PBXSourcesBuildPhase section */

/* Begin XCBuildConfiguration section */
		076C2E3712EA457F00E2ED87 /* Distribution */ = {
			isa = XCBuildConfiguration;
			buildSettings = {
				ARCHS = "$(ARCHS_STANDARD_32_BIT)";
				"CODE_SIGN_IDENTITY[sdk=iphoneos*]" = "iPhone Developer";
				GCC_C_LANGUAGE_STANDARD = c99;
				GCC_WARN_ABOUT_RETURN_TYPE = YES;
				GCC_WARN_UNUSED_VARIABLE = YES;
				OTHER_CFLAGS = "-DNS_BLOCK_ASSERTIONS=1";
				PREBINDING = NO;
				SDKROOT = iphoneos;
			};
			name = Distribution;
		};
		076C2E3812EA457F00E2ED87 /* Distribution */ = {
			isa = XCBuildConfiguration;
			buildSettings = {
				ALWAYS_SEARCH_USER_PATHS = NO;
				CODE_SIGN_ENTITLEMENTS = Entitlements.plist;
				"CODE_SIGN_IDENTITY[sdk=iphoneos*]" = "iPhone Distribution: Super Top Secret";
				COPY_PHASE_STRIP = YES;
				GCC_PRECOMPILE_PREFIX_HEADER = YES;
				GCC_PREFIX_HEADER = AppPrefix.pch;
				INFOPLIST_FILE = AppInfo.plist;
				PRODUCT_NAME = Sailor;
				"PROVISIONING_PROFILE[sdk=iphoneos*]" = "CF07FFE5-7FC6-4CB7-B7AE-1AF9844A4D86";
				VALIDATE_PRODUCT = YES;
			};
			name = Distribution;
		};
		1D6058940D05DD3E006BFB54 /* Debug */ = {
			isa = XCBuildConfiguration;
			buildSettings = {
				ALWAYS_SEARCH_USER_PATHS = NO;
				CODE_SIGN_ENTITLEMENTS = "";
				COPY_PHASE_STRIP = NO;
				GCC_DYNAMIC_NO_PIC = NO;
				GCC_OPTIMIZATION_LEVEL = 0;
				GCC_PRECOMPILE_PREFIX_HEADER = YES;
				GCC_PREFIX_HEADER = AppPrefix.pch;
				INFOPLIST_FILE = AppInfo.plist;
				PRODUCT_NAME = Sailor;
			};
			name = Debug;
		};
		1D6058950D05DD3E006BFB54 /* Release */ = {
			isa = XCBuildConfiguration;
			buildSettings = {
				ALWAYS_SEARCH_USER_PATHS = NO;
				CODE_SIGN_ENTITLEMENTS = "~/SuperTopSecret/Internal/Creative Curses/Entitlements.plist";
				COPY_PHASE_STRIP = YES;
				GCC_PRECOMPILE_PREFIX_HEADER = YES;
				GCC_PREFIX_HEADER = AppPrefix.pch;
				INFOPLIST_FILE = AppInfo.plist;
				PRODUCT_NAME = Sailor;
				VALIDATE_PRODUCT = YES;
			};
			name = Release;
		};
		C01FCF4F08A954540054247B /* Debug */ = {
			isa = XCBuildConfiguration;
			buildSettings = {
				ARCHS = "$(ARCHS_STANDARD_32_BIT)";
				"CODE_SIGN_IDENTITY[sdk=iphoneos*]" = "iPhone Developer";
				GCC_C_LANGUAGE_STANDARD = c99;
				GCC_WARN_ABOUT_RETURN_TYPE = YES;
				GCC_WARN_UNUSED_VARIABLE = YES;
				INFOPLIST_FILE = AppInfo.plist;
				IPHONEOS_DEPLOYMENT_TARGET = 4.0;
				PREBINDING = NO;
				"PROVISIONING_PROFILE[sdk=iphoneos*]" = "";
				SDKROOT = iphoneos;
				TARGETED_DEVICE_FAMILY = "1,2";
			};
			name = Debug;
		};
		C01FCF5008A954540054247B /* Release */ = {
			isa = XCBuildConfiguration;
			buildSettings = {
				ARCHS = "$(ARCHS_STANDARD_32_BIT)";
				"CODE_SIGN_IDENTITY[sdk=iphoneos*]" = "iPhone Developer";
				GCC_C_LANGUAGE_STANDARD = c99;
				GCC_WARN_ABOUT_RETURN_TYPE = YES;
				GCC_WARN_UNUSED_VARIABLE = YES;
				OTHER_CFLAGS = "-DNS_BLOCK_ASSERTIONS=1";
				PREBINDING = NO;
				SDKROOT = iphoneos;
			};
			name = Release;
		};
/* End XCBuildConfiguration section */

/* Begin XCConfigurationList section */
		1D6058960D05DD3E006BFB54 /* Build configuration list for PBXNativeTarget "Sailor" */ = {
			isa = XCConfigurationList;
			buildConfigurations = (
				1D6058940D05DD3E006BFB54 /* Debug */,
				1D6058950D05DD3E006BFB54 /* Release */,
				076C2E3812EA457F00E2ED87 /* Distribution */,
			);
			defaultConfigurationIsVisible = 0;
			defaultConfigurationName = Release;
		};
		C01FCF4E08A954540054247B /* Build configuration list for PBXProject "Sailor" */ = {
			isa = XCConfigurationList;
			buildConfigurations = (
				C01FCF4F08A954540054247B /* Debug */,
				C01FCF5008A954540054247B /* Release */,
				076C2E3712EA457F00E2ED87 /* Distribution */,
			);
			defaultConfigurationIsVisible = 0;
			defaultConfigurationName = Release;
		};
/* End XCConfigurationList section */
	};
	rootObject = 29B97313FDCFA39411CA2CEA /* Project object */;
}
